
Microsoft Visual Studio Solution File, Format Version 10.00
# Visual Studio 2008
Project("{FAE04EC0-301F-11D3-BF4B-00C04F79EFBC}") = "ProgressChanger", "ProgressChanger\ProgressChanger.csproj", "{7C5F95F5-550D-422E-95F3-17F7F6F7FAAA}"
EndProject
Global
	GlobalSection(SolutionConfigurationPlatforms) = preSolution
		Debug|Any CPU = Debug|Any CPU
		Release|Any CPU = Release|Any CPU
	EndGlobalSection
	GlobalSection(ProjectConfigurationPlatforms) = postSolution
		{7C5F95F5-550D-422E-95F3-17F7F6F7FAAA}.Debug|Any CPU.ActiveCfg = Debug|Any CPU
		{7C5F95F5-550D-422E-95F3-17F7F6F7FAAA}.Debug|Any CPU.Build.0 = Debug|Any CPU
		{7C5F95F5-550D-422E-95F3-17F7F6F7FAAA}.Debug|Any CPU.Deploy.0 = Debug|Any CPU
		{7C5F95F5-550D-422E-95F3-17F7F6F7FAAA}.Release|Any CPU.ActiveCfg = Release|Any CPU
		{7C5F95F5-550D-422E-95F3-17F7F6F7FAAA}.Release|Any CPU.Build.0 = Release|Any CPU
		{7C5F95F5-550D-422E-95F3-17F7F6F7FAAA}.Release|Any CPU.Deploy.0 = Release|Any CPU
	EndGlobalSection
	GlobalSection(SolutionProperties) = preSolution
		HideSolutionNode = FALSE
	EndGlobalSection
EndGlobal
